
Microsoft Visual Studio Solution File, Format Version 12.00
# Visual Studio Version 16
VisualStudioVersion = 16.0.32228.343
MinimumVisualStudioVersion = 10.0.40219.1
Project("{FAE04EC0-301F-11D3-BF4B-00C04F79EFBC}") = "InventoryControl", "InventoryControl\InventoryControl.csproj", "{84999D70-F5A2-4C84-9818-35CA01BCB7DE}"
EndProject
Global
	GlobalSection(SolutionConfigurationPlatforms) = preSolution
		Debug|Any CPU = Debug|Any CPU
		Release|Any CPU = Release|Any CPU
	EndGlobalSection
	GlobalSection(ProjectConfigurationPlatforms) = postSolution
		{84999D70-F5A2-4C84-9818-35CA01BCB7DE}.Debug|Any CPU.ActiveCfg = Debug|Any CPU
		{84999D70-F5A2-4C84-9818-35CA01BCB7DE}.Debug|Any CPU.Build.0 = Debug|Any CPU
		{84999D70-F5A2-4C84-9818-35CA01BCB7DE}.Release|Any CPU.ActiveCfg = Release|Any CPU
		{84999D70-F5A2-4C84-9818-35CA01BCB7DE}.Release|Any CPU.Build.0 = Release|Any CPU
	EndGlobalSection
	GlobalSection(SolutionProperties) = preSolution
		HideSolutionNode = FALSE
	EndGlobalSection
	GlobalSection(ExtensibilityGlobals) = postSolution
		SolutionGuid = {EA1CDEDA-95A4-4649-88F9-5C7F392BB59A}
	EndGlobalSection
EndGlobal
